
Microsoft Visual Studio Solution File, Format Version 12.00
# Visual Studio Version 16
VisualStudioVersion = 16.0.30907.101
MinimumVisualStudioVersion = 10.0.40219.1
Project("{9A19103F-16F7-4668-BE54-9A1E7A4F7556}") = "GestionDeProjet", "GestionDeProjet\GestionDeProjet.csproj", "{D0E55097-2781-4EF9-9A4B-5B150C386914}"
	ProjectSection(ProjectDependencies) = postProject
		{27F82377-519D-429D-ADBE-5B08F6D8B342} = {27F82377-519D-429D-ADBE-5B08F6D8B342}
	EndProjectSection
EndProject
Project("{FAE04EC0-301F-11D3-BF4B-00C04F79EFBC}") = "GestionDeProjet.DbContextImplementation", "GestionDeProjet.DbContextImplementation\GestionDeProjet.DbContextImplementation.csproj", "{27F82377-519D-429D-ADBE-5B08F6D8B342}"
EndProject
Global
	GlobalSection(SolutionConfigurationPlatforms) = preSolution
		Debug|Any CPU = Debug|Any CPU
		Release|Any CPU = Release|Any CPU
	EndGlobalSection
	GlobalSection(ProjectConfigurationPlatforms) = postSolution
		{D0E55097-2781-4EF9-9A4B-5B150C386914}.Debug|Any CPU.ActiveCfg = Debug|Any CPU
		{D0E55097-2781-4EF9-9A4B-5B150C386914}.Debug|Any CPU.Build.0 = Debug|Any CPU
		{D0E55097-2781-4EF9-9A4B-5B150C386914}.Release|Any CPU.ActiveCfg = Release|Any CPU
		{D0E55097-2781-4EF9-9A4B-5B150C386914}.Release|Any CPU.Build.0 = Release|Any CPU
		{27F82377-519D-429D-ADBE-5B08F6D8B342}.Debug|Any CPU.ActiveCfg = Debug|Any CPU
		{27F82377-519D-429D-ADBE-5B08F6D8B342}.Debug|Any CPU.Build.0 = Debug|Any CPU
		{27F82377-519D-429D-ADBE-5B08F6D8B342}.Release|Any CPU.ActiveCfg = Release|Any CPU
		{27F82377-519D-429D-ADBE-5B08F6D8B342}.Release|Any CPU.Build.0 = Release|Any CPU
	EndGlobalSection
	GlobalSection(SolutionProperties) = preSolution
		HideSolutionNode = FALSE
	EndGlobalSection
	GlobalSection(ExtensibilityGlobals) = postSolution
		SolutionGuid = {AF1AFC93-573F-416B-BC4C-467B40297D5C}
	EndGlobalSection
EndGlobal
